// !$*UTF8*$!
{
	archiveVersion = 1;
	classes = {
	};
	objectVersion = 55;
	objects = {

/* Begin PBXBuildFile section */
		50447FF227960E69007086CC /* AppDelegate.swift in Sources */ = {isa = PBXBuildFile; fileRef = 50447FF127960E69007086CC /* AppDelegate.swift */; };
		50447FF427960E69007086CC /* SceneDelegate.swift in Sources */ = {isa = PBXBuildFile; fileRef = 50447FF327960E69007086CC /* SceneDelegate.swift */; };
		50447FF627960E69007086CC /* MainViewController.swift in Sources */ = {isa = PBXBuildFile; fileRef = 50447FF527960E69007086CC /* MainViewController.swift */; };
		50447FF927960E69007086CC /* Main.storyboard in Resources */ = {isa = PBXBuildFile; fileRef = 50447FF727960E69007086CC /* Main.storyboard */; };
		50447FFB27960E6C007086CC /* Assets.xcassets in Resources */ = {isa = PBXBuildFile; fileRef = 50447FFA27960E6C007086CC /* Assets.xcassets */; };
		50447FFE27960E6C007086CC /* LaunchScreen.storyboard in Resources */ = {isa = PBXBuildFile; fileRef = 50447FFC27960E6C007086CC /* LaunchScreen.storyboard */; };
		5044800627960F51007086CC /* PokemonModel.swift in Sources */ = {isa = PBXBuildFile; fileRef = 5044800527960F51007086CC /* PokemonModel.swift */; };
		50ADD8E627961528008888D3 /* MainViewModel.swift in Sources */ = {isa = PBXBuildFile; fileRef = 50ADD8E527961528008888D3 /* MainViewModel.swift */; };
		50ADD8E927961C82008888D3 /* DetailViewController.swift in Sources */ = {isa = PBXBuildFile; fileRef = 50ADD8E827961C82008888D3 /* DetailViewController.swift */; };
		50ADD8EB2796224E008888D3 /* NetworkService.swift in Sources */ = {isa = PBXBuildFile; fileRef = 50ADD8EA2796224E008888D3 /* NetworkService.swift */; };
/* End PBXBuildFile section */

/* Begin PBXFileReference section */
		50447FEE27960E69007086CC /* Combine+UIKit.app */ = {isa = PBXFileReference; explicitFileType = wrapper.application; includeInIndex = 0; path = "Combine+UIKit.app"; sourceTree = BUILT_PRODUCTS_DIR; };
		50447FF127960E69007086CC /* AppDelegate.swift */ = {isa = PBXFileReference; lastKnownFileType = sourcecode.swift; path = AppDelegate.swift; sourceTree = "<group>"; };
		50447FF327960E69007086CC /* SceneDelegate.swift */ = {isa = PBXFileReference; lastKnownFileType = sourcecode.swift; path = SceneDelegate.swift; sourceTree = "<group>"; };
		50447FF527960E69007086CC /* MainViewController.swift */ = {isa = PBXFileReference; lastKnownFileType = sourcecode.swift; path = MainViewController.swift; sourceTree = "<group>"; };
		50447FF827960E69007086CC /* Base */ = {isa = PBXFileReference; lastKnownFileType = file.storyboard; name = Base; path = Base.lproj/Main.storyboard; sourceTree = "<group>"; };
		50447FFA27960E6C007086CC /* Assets.xcassets */ = {isa = PBXFileReference; lastKnownFileType = folder.assetcatalog; path = Assets.xcassets; sourceTree = "<group>"; };
		50447FFD27960E6C007086CC /* Base */ = {isa = PBXFileReference; lastKnownFileType = file.storyboard; name = Base; path = Base.lproj/LaunchScreen.storyboard; sourceTree = "<group>"; };
		50447FFF27960E6C007086CC /* Info.plist */ = {isa = PBXFileReference; lastKnownFileType = text.plist.xml; path = Info.plist; sourceTree = "<group>"; };
		5044800527960F51007086CC /* PokemonModel.swift */ = {isa = PBXFileReference; lastKnownFileType = sourcecode.swift; path = PokemonModel.swift; sourceTree = "<group>"; };
		50ADD8E527961528008888D3 /* MainViewModel.swift */ = {isa = PBXFileReference; lastKnownFileType = sourcecode.swift; path = MainViewModel.swift; sourceTree = "<group>"; };
		50ADD8E827961C82008888D3 /* DetailViewController.swift */ = {isa = PBXFileReference; lastKnownFileType = sourcecode.swift; path = DetailViewController.swift; sourceTree = "<group>"; };
		50ADD8EA2796224E008888D3 /* NetworkService.swift */ = {isa = PBXFileReference; lastKnownFileType = sourcecode.swift; path = NetworkService.swift; sourceTree = "<group>"; };
/* End PBXFileReference section */

/* Begin PBXFrameworksBuildPhase section */
		50447FEB27960E69007086CC /* Frameworks */ = {
			isa = PBXFrameworksBuildPhase;
			buildActionMask = 2147483647;
			files = (
			);
			runOnlyForDeploymentPostprocessing = 0;
		};
/* End PBXFrameworksBuildPhase section */

/* Begin PBXGroup section */
		50447FE527960E69007086CC = {
			isa = PBXGroup;
			children = (
				50447FF027960E69007086CC /* Combine+UIKit */,
				50447FEF27960E69007086CC /* Products */,
			);
			sourceTree = "<group>";
		};
		50447FEF27960E69007086CC /* Products */ = {
			isa = PBXGroup;
			children = (
				50447FEE27960E69007086CC /* Combine+UIKit.app */,
			);
			name = Products;
			sourceTree = "<group>";
		};
		50447FF027960E69007086CC /* Combine+UIKit */ = {
			isa = PBXGroup;
			children = (
				50447FF127960E69007086CC /* AppDelegate.swift */,
				50447FF327960E69007086CC /* SceneDelegate.swift */,
				5044800727960F8A007086CC /* Models */,
				5044800827960F9A007086CC /* Views */,
				50ADD8E727961C4F008888D3 /* ViewModels */,
				50447FFA27960E6C007086CC /* Assets.xcassets */,
				50447FFC27960E6C007086CC /* LaunchScreen.storyboard */,
				50447FFF27960E6C007086CC /* Info.plist */,
			);
			path = "Combine+UIKit";
			sourceTree = "<group>";
		};
		5044800727960F8A007086CC /* Models */ = {
			isa = PBXGroup;
			children = (
				5044800527960F51007086CC /* PokemonModel.swift */,
			);
			path = Models;
			sourceTree = "<group>";
		};
		5044800827960F9A007086CC /* Views */ = {
			isa = PBXGroup;
			children = (
				50447FF527960E69007086CC /* MainViewController.swift */,
				50ADD8E827961C82008888D3 /* DetailViewController.swift */,
				5044800927960FAC007086CC /* Storyboards */,
			);
			path = Views;
			sourceTree = "<group>";
		};
		5044800927960FAC007086CC /* Storyboards */ = {
			isa = PBXGroup;
			children = (
				50447FF727960E69007086CC /* Main.storyboard */,
			);
			path = Storyboards;
			sourceTree = "<group>";
		};
		50ADD8E727961C4F008888D3 /* ViewModels */ = {
			isa = PBXGroup;
			children = (
				50ADD8E527961528008888D3 /* MainViewModel.swift */,
				50ADD8EA2796224E008888D3 /* NetworkService.swift */,
			);
			path = ViewModels;
			sourceTree = "<group>";
		};
/* End PBXGroup section */

/* Begin PBXNativeTarget section */
		50447FED27960E69007086CC /* Combine+UIKit */ = {
			isa = PBXNativeTarget;
			buildConfigurationList = 5044800227960E6C007086CC /* Build configuration list for PBXNativeTarget "Combine+UIKit" */;
			buildPhases = (
				50447FEA27960E69007086CC /* Sources */,
				50447FEB27960E69007086CC /* Frameworks */,
				50447FEC27960E69007086CC /* Resources */,
			);
			buildRules = (
			);
			dependencies = (
			);
			name = "Combine+UIKit";
			productName = "Combine+UIKit";
			productReference = 50447FEE27960E69007086CC /* Combine+UIKit.app */;
			productType = "com.apple.product-type.application";
		};
/* End PBXNativeTarget section */

/* Begin PBXProject section */
		50447FE627960E69007086CC /* Project object */ = {
			isa = PBXProject;
			attributes = {
				BuildIndependentTargetsInParallel = 1;
				LastSwiftUpdateCheck = 1320;
				LastUpgradeCheck = 1320;
				TargetAttributes = {
					50447FED27960E69007086CC = {
						CreatedOnToolsVersion = 13.2.1;
					};
				};
			};
			buildConfigurationList = 50447FE927960E69007086CC /* Build configuration list for PBXProject "Combine+UIKit" */;
			compatibilityVersion = "Xcode 13.0";
			developmentRegion = en;
			hasScannedForEncodings = 0;
			knownRegions = (
				en,
				Base,
			);
			mainGroup = 50447FE527960E69007086CC;
			productRefGroup = 50447FEF27960E69007086CC /* Products */;
			projectDirPath = "";
			projectRoot = "";
			targets = (
				50447FED27960E69007086CC /* Combine+UIKit */,
			);
		};
/* End PBXProject section */

/* Begin PBXResourcesBuildPhase section */
		50447FEC27960E69007086CC /* Resources */ = {
			isa = PBXResourcesBuildPhase;
			buildActionMask = 2147483647;
			files = (
				50447FFE27960E6C007086CC /* LaunchScreen.storyboard in Resources */,
				50447FFB27960E6C007086CC /* Assets.xcassets in Resources */,
				50447FF927960E69007086CC /* Main.storyboard in Resources */,
			);
			runOnlyForDeploymentPostprocessing = 0;
		};
/* End PBXResourcesBuildPhase section */

/* Begin PBXSourcesBuildPhase section */
		50447FEA27960E69007086CC /* Sources */ = {
			isa = PBXSourcesBuildPhase;
			buildActionMask = 2147483647;
			files = (
				50ADD8E627961528008888D3 /* MainViewModel.swift in Sources */,
				50447FF627960E69007086CC /* MainViewController.swift in Sources */,
				5044800627960F51007086CC /* PokemonModel.swift in Sources */,
				50ADD8E927961C82008888D3 /* DetailViewController.swift in Sources */,
				50447FF227960E69007086CC /* AppDelegate.swift in Sources */,
				50447FF427960E69007086CC /* SceneDelegate.swift in Sources */,
				50ADD8EB2796224E008888D3 /* NetworkService.swift in Sources */,
			);
			runOnlyForDeploymentPostprocessing = 0;
		};
/* End PBXSourcesBuildPhase section */

/* Begin PBXVariantGroup section */
		50447FF727960E69007086CC /* Main.storyboard */ = {
			isa = PBXVariantGroup;
			children = (
				50447FF827960E69007086CC /* Base */,
			);
			name = Main.storyboard;
			sourceTree = "<group>";
		};
		50447FFC27960E6C007086CC /* LaunchScreen.storyboard */ = {
			isa = PBXVariantGroup;
			children = (
				50447FFD27960E6C007086CC /* Base */,
			);
			name = LaunchScreen.storyboard;
			sourceTree = "<group>";
		};
/* End PBXVariantGroup section */

/* Begin XCBuildConfiguration section */
		5044800027960E6C007086CC /* Debug */ = {
			isa = XCBuildConfiguration;
			buildSettings = {
				ALWAYS_SEARCH_USER_PATHS = NO;
				CLANG_ANALYZER_NONNULL = YES;
				CLANG_ANALYZER_NUMBER_OBJECT_CONVERSION = YES_AGGRESSIVE;
				CLANG_CXX_LANGUAGE_STANDARD = "gnu++17";
				CLANG_CXX_LIBRARY = "libc++";
				CLANG_ENABLE_MODULES = YES;
				CLANG_ENABLE_OBJC_ARC = YES;
				CLANG_ENABLE_OBJC_WEAK = YES;
				CLANG_WARN_BLOCK_CAPTURE_AUTORELEASING = YES;
				CLANG_WARN_BOOL_CONVERSION = YES;
				CLANG_WARN_COMMA = YES;
				CLANG_WARN_CONSTANT_CONVERSION = YES;
				CLANG_WARN_DEPRECATED_OBJC_IMPLEMENTATIONS = YES;
				CLANG_WARN_DIRECT_OBJC_ISA_USAGE = YES_ERROR;
				CLANG_WARN_DOCUMENTATION_COMMENTS = YES;
				CLANG_WARN_EMPTY_BODY = YES;
				CLANG_WARN_ENUM_CONVERSION = YES;
				CLANG_WARN_INFINITE_RECURSION = YES;
				CLANG_WARN_INT_CONVERSION = YES;
				CLANG_WARN_NON_LITERAL_NULL_CONVERSION = YES;
				CLANG_WARN_OBJC_IMPLICIT_RETAIN_SELF = YES;
				CLANG_WARN_OBJC_LITERAL_CONVERSION = YES;
				CLANG_WARN_OBJC_ROOT_CLASS = YES_ERROR;
				CLANG_WARN_QUOTED_INCLUDE_IN_FRAMEWORK_HEADER = YES;
				CLANG_WARN_RANGE_LOOP_ANALYSIS = YES;
				CLANG_WARN_STRICT_PROTOTYPES = YES;
				CLANG_WARN_SUSPICIOUS_MOVE = YES;
				CLANG_WARN_UNGUARDED_AVAILABILITY = YES_AGGRESSIVE;
				CLANG_WARN_UNREACHABLE_CODE = YES;
				CLANG_WARN__DUPLICATE_METHOD_MATCH = YES;
				COPY_PHASE_STRIP = NO;
				DEBUG_INFORMATION_FORMAT = dwarf;
				ENABLE_STRICT_OBJC_MSGSEND = YES;
				ENABLE_TESTABILITY = YES;
				GCC_C_LANGUAGE_STANDARD = gnu11;
				GCC_DYNAMIC_NO_PIC = NO;
				GCC_NO_COMMON_BLOCKS = YES;
				GCC_OPTIMIZATION_LEVEL = 0;
				GCC_PREPROCESSOR_DEFINITIONS = (
					"DEBUG=1",
					"$(inherited)",
				);
				GCC_WARN_64_TO_32_BIT_CONVERSION = YES;
				GCC_WARN_ABOUT_RETURN_TYPE = YES_ERROR;
				GCC_WARN_UNDECLARED_SELECTOR = YES;
				GCC_WARN_UNINITIALIZED_AUTOS = YES_AGGRESSIVE;
				GCC_WARN_UNUSED_FUNCTION = YES;
				GCC_WARN_UNUSED_VARIABLE = YES;
				IPHONEOS_DEPLOYMENT_TARGET = 15.2;
				MTL_ENABLE_DEBUG_INFO = INCLUDE_SOURCE;
				MTL_FAST_MATH = YES;
				ONLY_ACTIVE_ARCH = YES;
				SDKROOT = iphoneos;
				SWIFT_ACTIVE_COMPILATION_CONDITIONS = DEBUG;
				SWIFT_OPTIMIZATION_LEVEL = "-Onone";
			};
			name = Debug;
		};
		5044800127960E6C007086CC /* Release */ = {
			isa = XCBuildConfiguration;
			buildSettings = {
				ALWAYS_SEARCH_USER_PATHS = NO;
				CLANG_ANALYZER_NONNULL = YES;
				CLANG_ANALYZER_NUMBER_OBJECT_CONVERSION = YES_AGGRESSIVE;
				CLANG_CXX_LANGUAGE_STANDARD = "gnu++17";
				CLANG_CXX_LIBRARY = "libc++";
				CLANG_ENABLE_MODULES = YES;
				CLANG_ENABLE_OBJC_ARC = YES;
				CLANG_ENABLE_OBJC_WEAK = YES;
				CLANG_WARN_BLOCK_CAPTURE_AUTORELEASING = YES;
				CLANG_WARN_BOOL_CONVERSION = YES;
				CLANG_WARN_COMMA = YES;
				CLANG_WARN_CONSTANT_CONVERSION = YES;
				CLANG_WARN_DEPRECATED_OBJC_IMPLEMENTATIONS = YES;
				CLANG_WARN_DIRECT_OBJC_ISA_USAGE = YES_ERROR;
				CLANG_WARN_DOCUMENTATION_COMMENTS = YES;
				CLANG_WARN_EMPTY_BODY = YES;
				CLANG_WARN_ENUM_CONVERSION = YES;
				CLANG_WARN_INFINITE_RECURSION = YES;
				CLANG_WARN_INT_CONVERSION = YES;
				CLANG_WARN_NON_LITERAL_NULL_CONVERSION = YES;
				CLANG_WARN_OBJC_IMPLICIT_RETAIN_SELF = YES;
				CLANG_WARN_OBJC_LITERAL_CONVERSION = YES;
				CLANG_WARN_OBJC_ROOT_CLASS = YES_ERROR;
				CLANG_WARN_QUOTED_INCLUDE_IN_FRAMEWORK_HEADER = YES;
				CLANG_WARN_RANGE_LOOP_ANALYSIS = YES;
				CLANG_WARN_STRICT_PROTOTYPES = YES;
				CLANG_WARN_SUSPICIOUS_MOVE = YES;
				CLANG_WARN_UNGUARDED_AVAILABILITY = YES_AGGRESSIVE;
				CLANG_WARN_UNREACHABLE_CODE = YES;
				CLANG_WARN__DUPLICATE_METHOD_MATCH = YES;
				COPY_PHASE_STRIP = NO;
				DEBUG_INFORMATION_FORMAT = "dwarf-with-dsym";
				ENABLE_NS_ASSERTIONS = NO;
				ENABLE_STRICT_OBJC_MSGSEND = YES;
				GCC_C_LANGUAGE_STANDARD = gnu11;
				GCC_NO_COMMON_BLOCKS = YES;
				GCC_WARN_64_TO_32_BIT_CONVERSION = YES;
				GCC_WARN_ABOUT_RETURN_TYPE = YES_ERROR;
				GCC_WARN_UNDECLARED_SELECTOR = YES;
				GCC_WARN_UNINITIALIZED_AUTOS = YES_AGGRESSIVE;
				GCC_WARN_UNUSED_FUNCTION = YES;
				GCC_WARN_UNUSED_VARIABLE = YES;
				IPHONEOS_DEPLOYMENT_TARGET = 15.2;
				MTL_ENABLE_DEBUG_INFO = NO;
				MTL_FAST_MATH = YES;
				SDKROOT = iphoneos;
				SWIFT_COMPILATION_MODE = wholemodule;
				SWIFT_OPTIMIZATION_LEVEL = "-O";
				VALIDATE_PRODUCT = YES;
			};
			name = Release;
		};
		5044800327960E6C007086CC /* Debug */ = {
			isa = XCBuildConfiguration;
			buildSettings = {
				ASSETCATALOG_COMPILER_APPICON_NAME = AppIcon;
				ASSETCATALOG_COMPILER_GLOBAL_ACCENT_COLOR_NAME = AccentColor;
				CODE_SIGN_STYLE = Automatic;
				CURRENT_PROJECT_VERSION = 1;
				DEVELOPMENT_TEAM = 7J96F7U75E;
				GENERATE_INFOPLIST_FILE = YES;
				INFOPLIST_FILE = "Combine+UIKit/Info.plist";
				INFOPLIST_KEY_UIApplicationSupportsIndirectInputEvents = YES;
				INFOPLIST_KEY_UILaunchStoryboardName = LaunchScreen;
				INFOPLIST_KEY_UIMainStoryboardFile = Main;
				INFOPLIST_KEY_UISupportedInterfaceOrientations_iPad = "UIInterfaceOrientationPortrait UIInterfaceOrientationPortraitUpsideDown UIInterfaceOrientationLandscapeLeft UIInterfaceOrientationLandscapeRight";
				INFOPLIST_KEY_UISupportedInterfaceOrientations_iPhone = "UIInterfaceOrientationPortrait UIInterfaceOrientationLandscapeLeft UIInterfaceOrientationLandscapeRight";
				LD_RUNPATH_SEARCH_PATHS = (
					"$(inherited)",
					"@executable_path/Frameworks",
				);
				MARKETING_VERSION = 1.0;
				PRODUCT_BUNDLE_IDENTIFIER = "com.re.pos.Combine-UIKit";
				PRODUCT_NAME = "$(TARGET_NAME)";
				SWIFT_EMIT_LOC_STRINGS = YES;
				SWIFT_VERSION = 5.0;
				TARGETED_DEVICE_FAMILY = "1,2";
			};
			name = Debug;
		};
		5044800427960E6C007086CC /* Release */ = {
			isa = XCBuildConfiguration;
			buildSettings = {
				ASSETCATALOG_COMPILER_APPICON_NAME = AppIcon;
				ASSETCATALOG_COMPILER_GLOBAL_ACCENT_COLOR_NAME = AccentColor;
				CODE_SIGN_STYLE = Automatic;
				CURRENT_PROJECT_VERSION = 1;
				DEVELOPMENT_TEAM = 7J96F7U75E;
				GENERATE_INFOPLIST_FILE = YES;
				INFOPLIST_FILE = "Combine+UIKit/Info.plist";
				INFOPLIST_KEY_UIApplicationSupportsIndirectInputEvents = YES;
				INFOPLIST_KEY_UILaunchStoryboardName = LaunchScreen;
				INFOPLIST_KEY_UIMainStoryboardFile = Main;
				INFOPLIST_KEY_UISupportedInterfaceOrientations_iPad = "UIInterfaceOrientationPortrait UIInterfaceOrientationPortraitUpsideDown UIInterfaceOrientationLandscapeLeft UIInterfaceOrientationLandscapeRight";
				INFOPLIST_KEY_UISupportedInterfaceOrientations_iPhone = "UIInterfaceOrientationPortrait UIInterfaceOrientationLandscapeLeft UIInterfaceOrientationLandscapeRight";
				LD_RUNPATH_SEARCH_PATHS = (
					"$(inherited)",
					"@executable_path/Frameworks",
				);
				MARKETING_VERSION = 1.0;
				PRODUCT_BUNDLE_IDENTIFIER = "com.re.pos.Combine-UIKit";
				PRODUCT_NAME = "$(TARGET_NAME)";
				SWIFT_EMIT_LOC_STRINGS = YES;
				SWIFT_VERSION = 5.0;
				TARGETED_DEVICE_FAMILY = "1,2";
			};
			name = Release;
		};
/* End XCBuildConfiguration section */

/* Begin XCConfigurationList section */
		50447FE927960E69007086CC /* Build configuration list for PBXProject "Combine+UIKit" */ = {
			isa = XCConfigurationList;
			buildConfigurations = (
				5044800027960E6C007086CC /* Debug */,
				5044800127960E6C007086CC /* Release */,
			);
			defaultConfigurationIsVisible = 0;
			defaultConfigurationName = Release;
		};
		5044800227960E6C007086CC /* Build configuration list for PBXNativeTarget "Combine+UIKit" */ = {
			isa = XCConfigurationList;
			buildConfigurations = (
				5044800327960E6C007086CC /* Debug */,
				5044800427960E6C007086CC /* Release */,
			);
			defaultConfigurationIsVisible = 0;
			defaultConfigurationName = Release;
		};
/* End XCConfigurationList section */
	};
	rootObject = 50447FE627960E69007086CC /* Project object */;
}
